// !$*UTF8*$!
{
	archiveVersion = 1;
	classes = {
	};
	objectVersion = 46;
	objects = {

/* Begin PBXBuildFile section */
		D03165B115AB76AE009DF347 /* UIKit.framework in Frameworks */ = {isa = PBXBuildFile; fileRef = D03165B015AB76AE009DF347 /* UIKit.framework */; };
		D03165B315AB76AE009DF347 /* Foundation.framework in Frameworks */ = {isa = PBXBuildFile; fileRef = D03165B215AB76AE009DF347 /* Foundation.framework */; };
		D03165B515AB76AE009DF347 /* CoreGraphics.framework in Frameworks */ = {isa = PBXBuildFile; fileRef = D03165B415AB76AE009DF347 /* CoreGraphics.framework */; };
		D03165BB15AB76AE009DF347 /* InfoPlist.strings in Resources */ = {isa = PBXBuildFile; fileRef = D03165B915AB76AE009DF347 /* InfoPlist.strings */; };
		D03165BD15AB76AE009DF347 /* main.m in Sources */ = {isa = PBXBuildFile; fileRef = D03165BC15AB76AE009DF347 /* main.m */; };
		D03165C115AB76AE009DF347 /* AppDelegate.m in Sources */ = {isa = PBXBuildFile; fileRef = D03165C015AB76AE009DF347 /* AppDelegate.m */; };
		D03165C915AB76AE009DF347 /* SenTestingKit.framework in Frameworks */ = {isa = PBXBuildFile; fileRef = D03165C815AB76AE009DF347 /* SenTestingKit.framework */; };
		D03165CA15AB76AE009DF347 /* UIKit.framework in Frameworks */ = {isa = PBXBuildFile; fileRef = D03165B015AB76AE009DF347 /* UIKit.framework */; };
		D03165CB15AB76AE009DF347 /* Foundation.framework in Frameworks */ = {isa = PBXBuildFile; fileRef = D03165B215AB76AE009DF347 /* Foundation.framework */; };
		D03165D315AB76AE009DF347 /* InfoPlist.strings in Resources */ = {isa = PBXBuildFile; fileRef = D03165D115AB76AE009DF347 /* InfoPlist.strings */; };
		D03165D615AB76AE009DF347 /* muniverse2Tests.m in Sources */ = {isa = PBXBuildFile; fileRef = D03165D515AB76AE009DF347 /* muniverse2Tests.m */; };
/* End PBXBuildFile section */

/* Begin PBXContainerItemProxy section */
		D03165CC15AB76AE009DF347 /* PBXContainerItemProxy */ = {
			isa = PBXContainerItemProxy;
			containerPortal = D03165A315AB76AE009DF347 /* Project object */;
			proxyType = 1;
			remoteGlobalIDString = D03165AB15AB76AE009DF347;
			remoteInfo = muniverse2;
		};
/* End PBXContainerItemProxy section */

/* Begin PBXFileReference section */
		D03165AC15AB76AE009DF347 /* muniverse2.app */ = {isa = PBXFileReference; explicitFileType = wrapper.application; includeInIndex = 0; path = muniverse2.app; sourceTree = BUILT_PRODUCTS_DIR; };
		D03165B015AB76AE009DF347 /* UIKit.framework */ = {isa = PBXFileReference; lastKnownFileType = wrapper.framework; name = UIKit.framework; path = System/Library/Frameworks/UIKit.framework; sourceTree = SDKROOT; };
		D03165B215AB76AE009DF347 /* Foundation.framework */ = {isa = PBXFileReference; lastKnownFileType = wrapper.framework; name = Foundation.framework; path = System/Library/Frameworks/Foundation.framework; sourceTree = SDKROOT; };
		D03165B415AB76AE009DF347 /* CoreGraphics.framework */ = {isa = PBXFileReference; lastKnownFileType = wrapper.framework; name = CoreGraphics.framework; path = System/Library/Frameworks/CoreGraphics.framework; sourceTree = SDKROOT; };
		D03165B815AB76AE009DF347 /* muniverse2-Info.plist */ = {isa = PBXFileReference; lastKnownFileType = text.plist.xml; path = "muniverse2-Info.plist"; sourceTree = "<group>"; };
		D03165BA15AB76AE009DF347 /* en */ = {isa = PBXFileReference; lastKnownFileType = text.plist.strings; name = en; path = en.lproj/InfoPlist.strings; sourceTree = "<group>"; };
		D03165BC15AB76AE009DF347 /* main.m */ = {isa = PBXFileReference; lastKnownFileType = sourcecode.c.objc; path = main.m; sourceTree = "<group>"; };
		D03165BE15AB76AE009DF347 /* muniverse2-Prefix.pch */ = {isa = PBXFileReference; lastKnownFileType = sourcecode.c.h; path = "muniverse2-Prefix.pch"; sourceTree = "<group>"; };
		D03165BF15AB76AE009DF347 /* AppDelegate.h */ = {isa = PBXFileReference; lastKnownFileType = sourcecode.c.h; path = AppDelegate.h; sourceTree = "<group>"; };
		D03165C015AB76AE009DF347 /* AppDelegate.m */ = {isa = PBXFileReference; lastKnownFileType = sourcecode.c.objc; path = AppDelegate.m; sourceTree = "<group>"; };
		D03165C715AB76AE009DF347 /* muniverse2Tests.octest */ = {isa = PBXFileReference; explicitFileType = wrapper.cfbundle; includeInIndex = 0; path = muniverse2Tests.octest; sourceTree = BUILT_PRODUCTS_DIR; };
		D03165C815AB76AE009DF347 /* SenTestingKit.framework */ = {isa = PBXFileReference; lastKnownFileType = wrapper.framework; name = SenTestingKit.framework; path = Library/Frameworks/SenTestingKit.framework; sourceTree = DEVELOPER_DIR; };
		D03165D015AB76AE009DF347 /* muniverse2Tests-Info.plist */ = {isa = PBXFileReference; lastKnownFileType = text.plist.xml; path = "muniverse2Tests-Info.plist"; sourceTree = "<group>"; };
		D03165D215AB76AE009DF347 /* en */ = {isa = PBXFileReference; lastKnownFileType = text.plist.strings; name = en; path = en.lproj/InfoPlist.strings; sourceTree = "<group>"; };
		D03165D415AB76AE009DF347 /* muniverse2Tests.h */ = {isa = PBXFileReference; lastKnownFileType = sourcecode.c.h; path = muniverse2Tests.h; sourceTree = "<group>"; };
		D03165D515AB76AE009DF347 /* muniverse2Tests.m */ = {isa = PBXFileReference; lastKnownFileType = sourcecode.c.objc; path = muniverse2Tests.m; sourceTree = "<group>"; };
/* End PBXFileReference section */

/* Begin PBXFrameworksBuildPhase section */
		D03165A915AB76AE009DF347 /* Frameworks */ = {
			isa = PBXFrameworksBuildPhase;
			buildActionMask = 2147483647;
			files = (
				D03165B115AB76AE009DF347 /* UIKit.framework in Frameworks */,
				D03165B315AB76AE009DF347 /* Foundation.framework in Frameworks */,
				D03165B515AB76AE009DF347 /* CoreGraphics.framework in Frameworks */,
			);
			runOnlyForDeploymentPostprocessing = 0;
		};
		D03165C315AB76AE009DF347 /* Frameworks */ = {
			isa = PBXFrameworksBuildPhase;
			buildActionMask = 2147483647;
			files = (
				D03165C915AB76AE009DF347 /* SenTestingKit.framework in Frameworks */,
				D03165CA15AB76AE009DF347 /* UIKit.framework in Frameworks */,
				D03165CB15AB76AE009DF347 /* Foundation.framework in Frameworks */,
			);
			runOnlyForDeploymentPostprocessing = 0;
		};
/* End PBXFrameworksBuildPhase section */

/* Begin PBXGroup section */
		D03165A115AB76AE009DF347 = {
			isa = PBXGroup;
			children = (
				D03165B615AB76AE009DF347 /* muniverse2 */,
				D03165CE15AB76AE009DF347 /* muniverse2Tests */,
				D03165AF15AB76AE009DF347 /* Frameworks */,
				D03165AD15AB76AE009DF347 /* Products */,
			);
			sourceTree = "<group>";
		};
		D03165AD15AB76AE009DF347 /* Products */ = {
			isa = PBXGroup;
			children = (
				D03165AC15AB76AE009DF347 /* muniverse2.app */,
				D03165C715AB76AE009DF347 /* muniverse2Tests.octest */,
			);
			name = Products;
			sourceTree = "<group>";
		};
		D03165AF15AB76AE009DF347 /* Frameworks */ = {
			isa = PBXGroup;
			children = (
				D03165B015AB76AE009DF347 /* UIKit.framework */,
				D03165B215AB76AE009DF347 /* Foundation.framework */,
				D03165B415AB76AE009DF347 /* CoreGraphics.framework */,
				D03165C815AB76AE009DF347 /* SenTestingKit.framework */,
			);
			name = Frameworks;
			sourceTree = "<group>";
		};
		D03165B615AB76AE009DF347 /* muniverse2 */ = {
			isa = PBXGroup;
			children = (
				D03165BF15AB76AE009DF347 /* AppDelegate.h */,
				D03165C015AB76AE009DF347 /* AppDelegate.m */,
				D03165B715AB76AE009DF347 /* Supporting Files */,
			);
			path = muniverse2;
			sourceTree = "<group>";
		};
		D03165B715AB76AE009DF347 /* Supporting Files */ = {
			isa = PBXGroup;
			children = (
				D03165B815AB76AE009DF347 /* muniverse2-Info.plist */,
				D03165B915AB76AE009DF347 /* InfoPlist.strings */,
				D03165BC15AB76AE009DF347 /* main.m */,
				D03165BE15AB76AE009DF347 /* muniverse2-Prefix.pch */,
			);
			name = "Supporting Files";
			sourceTree = "<group>";
		};
		D03165CE15AB76AE009DF347 /* muniverse2Tests */ = {
			isa = PBXGroup;
			children = (
				D03165D415AB76AE009DF347 /* muniverse2Tests.h */,
				D03165D515AB76AE009DF347 /* muniverse2Tests.m */,
				D03165CF15AB76AE009DF347 /* Supporting Files */,
			);
			path = muniverse2Tests;
			sourceTree = "<group>";
		};
		D03165CF15AB76AE009DF347 /* Supporting Files */ = {
			isa = PBXGroup;
			children = (
				D03165D015AB76AE009DF347 /* muniverse2Tests-Info.plist */,
				D03165D115AB76AE009DF347 /* InfoPlist.strings */,
			);
			name = "Supporting Files";
			sourceTree = "<group>";
		};
/* End PBXGroup section */

/* Begin PBXNativeTarget section */
		D03165AB15AB76AE009DF347 /* muniverse2 */ = {
			isa = PBXNativeTarget;
			buildConfigurationList = D03165D915AB76AE009DF347 /* Build configuration list for PBXNativeTarget "muniverse2" */;
			buildPhases = (
				D03165A815AB76AE009DF347 /* Sources */,
				D03165A915AB76AE009DF347 /* Frameworks */,
				D03165AA15AB76AE009DF347 /* Resources */,
			);
			buildRules = (
			);
			dependencies = (
			);
			name = muniverse2;
			productName = muniverse2;
			productReference = D03165AC15AB76AE009DF347 /* muniverse2.app */;
			productType = "com.apple.product-type.application";
		};
		D03165C615AB76AE009DF347 /* muniverse2Tests */ = {
			isa = PBXNativeTarget;
			buildConfigurationList = D03165DC15AB76AE009DF347 /* Build configuration list for PBXNativeTarget "muniverse2Tests" */;
			buildPhases = (
				D03165C215AB76AE009DF347 /* Sources */,
				D03165C315AB76AE009DF347 /* Frameworks */,
				D03165C415AB76AE009DF347 /* Resources */,
				D03165C515AB76AE009DF347 /* ShellScript */,
			);
			buildRules = (
			);
			dependencies = (
				D03165CD15AB76AE009DF347 /* PBXTargetDependency */,
			);
			name = muniverse2Tests;
			productName = muniverse2Tests;
			productReference = D03165C715AB76AE009DF347 /* muniverse2Tests.octest */;
			productType = "com.apple.product-type.bundle";
		};
/* End PBXNativeTarget section */

/* Begin PBXProject section */
		D03165A315AB76AE009DF347 /* Project object */ = {
			isa = PBXProject;
			attributes = {
				LastUpgradeCheck = 0450;
				ORGANIZATIONNAME = "Nick O'Neill";
			};
			buildConfigurationList = D03165A615AB76AE009DF347 /* Build configuration list for PBXProject "muniverse2" */;
			compatibilityVersion = "Xcode 3.2";
			developmentRegion = English;
			hasScannedForEncodings = 0;
			knownRegions = (
				en,
			);
			mainGroup = D03165A115AB76AE009DF347;
			productRefGroup = D03165AD15AB76AE009DF347 /* Products */;
			projectDirPath = "";
			projectRoot = "";
			targets = (
				D03165AB15AB76AE009DF347 /* muniverse2 */,
				D03165C615AB76AE009DF347 /* muniverse2Tests */,
			);
		};
/* End PBXProject section */

/* Begin PBXResourcesBuildPhase section */
		D03165AA15AB76AE009DF347 /* Resources */ = {
			isa = PBXResourcesBuildPhase;
			buildActionMask = 2147483647;
			files = (
				D03165BB15AB76AE009DF347 /* InfoPlist.strings in Resources */,
			);
			runOnlyForDeploymentPostprocessing = 0;
		};
		D03165C415AB76AE009DF347 /* Resources */ = {
			isa = PBXResourcesBuildPhase;
			buildActionMask = 2147483647;
			files = (
				D03165D315AB76AE009DF347 /* InfoPlist.strings in Resources */,
			);
			runOnlyForDeploymentPostprocessing = 0;
		};
/* End PBXResourcesBuildPhase section */

/* Begin PBXShellScriptBuildPhase section */
		D03165C515AB76AE009DF347 /* ShellScript */ = {
			isa = PBXShellScriptBuildPhase;
			buildActionMask = 2147483647;
			files = (
			);
			inputPaths = (
			);
			outputPaths = (
			);
			runOnlyForDeploymentPostprocessing = 0;
			shellPath = /bin/sh;
			shellScript = "# Run the unit tests in this test bundle.\n\"${SYSTEM_DEVELOPER_DIR}/Tools/RunUnitTests\"\n";
		};
/* End PBXShellScriptBuildPhase section */

/* Begin PBXSourcesBuildPhase section */
		D03165A815AB76AE009DF347 /* Sources */ = {
			isa = PBXSourcesBuildPhase;
			buildActionMask = 2147483647;
			files = (
				D03165BD15AB76AE009DF347 /* main.m in Sources */,
				D03165C115AB76AE009DF347 /* AppDelegate.m in Sources */,
			);
			runOnlyForDeploymentPostprocessing = 0;
		};
		D03165C215AB76AE009DF347 /* Sources */ = {
			isa = PBXSourcesBuildPhase;
			buildActionMask = 2147483647;
			files = (
				D03165D615AB76AE009DF347 /* muniverse2Tests.m in Sources */,
			);
			runOnlyForDeploymentPostprocessing = 0;
		};
/* End PBXSourcesBuildPhase section */

/* Begin PBXTargetDependency section */
		D03165CD15AB76AE009DF347 /* PBXTargetDependency */ = {
			isa = PBXTargetDependency;
			target = D03165AB15AB76AE009DF347 /* muniverse2 */;
			targetProxy = D03165CC15AB76AE009DF347 /* PBXContainerItemProxy */;
		};
/* End PBXTargetDependency section */

/* Begin PBXVariantGroup section */
		D03165B915AB76AE009DF347 /* InfoPlist.strings */ = {
			isa = PBXVariantGroup;
			children = (
				D03165BA15AB76AE009DF347 /* en */,
			);
			name = InfoPlist.strings;
			sourceTree = "<group>";
		};
		D03165D115AB76AE009DF347 /* InfoPlist.strings */ = {
			isa = PBXVariantGroup;
			children = (
				D03165D215AB76AE009DF347 /* en */,
			);
			name = InfoPlist.strings;
			sourceTree = "<group>";
		};
/* End PBXVariantGroup section */

/* Begin XCBuildConfiguration section */
		D03165D715AB76AE009DF347 /* Debug */ = {
			isa = XCBuildConfiguration;
			buildSettings = {
				ALWAYS_SEARCH_USER_PATHS = NO;
				CLANG_CXX_LANGUAGE_STANDARD = "gnu++0x";
				CLANG_ENABLE_OBJC_ARC = YES;
				CLANG_WARN__DUPLICATE_METHOD_MATCH = YES;
				"CODE_SIGN_IDENTITY[sdk=iphoneos*]" = "iPhone Developer";
				COPY_PHASE_STRIP = NO;
				GCC_C_LANGUAGE_STANDARD = gnu99;
				GCC_DYNAMIC_NO_PIC = NO;
				GCC_OPTIMIZATION_LEVEL = 0;
				GCC_PREPROCESSOR_DEFINITIONS = (
					"DEBUG=1",
					"$(inherited)",
				);
				GCC_SYMBOLS_PRIVATE_EXTERN = NO;
				GCC_WARN_ABOUT_RETURN_TYPE = YES;
				GCC_WARN_UNINITIALIZED_AUTOS = YES;
				GCC_WARN_UNUSED_VARIABLE = YES;
				IPHONEOS_DEPLOYMENT_TARGET = 6.0;
				SDKROOT = iphoneos;
			};
			name = Debug;
		};
		D03165D815AB76AE009DF347 /* Release */ = {
			isa = XCBuildConfiguration;
			buildSettings = {
				ALWAYS_SEARCH_USER_PATHS = NO;
				CLANG_CXX_LANGUAGE_STANDARD = "gnu++0x";
				CLANG_ENABLE_OBJC_ARC = YES;
				CLANG_WARN__DUPLICATE_METHOD_MATCH = YES;
				"CODE_SIGN_IDENTITY[sdk=iphoneos*]" = "iPhone Developer";
				COPY_PHASE_STRIP = YES;
				GCC_C_LANGUAGE_STANDARD = gnu99;
				GCC_WARN_ABOUT_RETURN_TYPE = YES;
				GCC_WARN_UNINITIALIZED_AUTOS = YES;
				GCC_WARN_UNUSED_VARIABLE = YES;
				IPHONEOS_DEPLOYMENT_TARGET = 6.0;
				OTHER_CFLAGS = "-DNS_BLOCK_ASSERTIONS=1";
				SDKROOT = iphoneos;
				VALIDATE_PRODUCT = YES;
			};
			name = Release;
		};
		D03165DA15AB76AE009DF347 /* Debug */ = {
			isa = XCBuildConfiguration;
			buildSettings = {
				GCC_PRECOMPILE_PREFIX_HEADER = YES;
				GCC_PREFIX_HEADER = "muniverse2/muniverse2-Prefix.pch";
				INFOPLIST_FILE = "muniverse2/muniverse2-Info.plist";
				PRODUCT_NAME = "$(TARGET_NAME)";
				WRAPPER_EXTENSION = app;
			};
			name = Debug;
		};
		D03165DB15AB76AE009DF347 /* Release */ = {
			isa = XCBuildConfiguration;
			buildSettings = {
				GCC_PRECOMPILE_PREFIX_HEADER = YES;
				GCC_PREFIX_HEADER = "muniverse2/muniverse2-Prefix.pch";
				INFOPLIST_FILE = "muniverse2/muniverse2-Info.plist";
				PRODUCT_NAME = "$(TARGET_NAME)";
				WRAPPER_EXTENSION = app;
			};
			name = Release;
		};
		D03165DD15AB76AE009DF347 /* Debug */ = {
			isa = XCBuildConfiguration;
			buildSettings = {
				BUNDLE_LOADER = "$(BUILT_PRODUCTS_DIR)/muniverse2.app/muniverse2";
				FRAMEWORK_SEARCH_PATHS = (
					"\"$(SDKROOT)/Developer/Library/Frameworks\"",
					"\"$(DEVELOPER_LIBRARY_DIR)/Frameworks\"",
				);
				GCC_PRECOMPILE_PREFIX_HEADER = YES;
				GCC_PREFIX_HEADER = "muniverse2/muniverse2-Prefix.pch";
				INFOPLIST_FILE = "muniverse2Tests/muniverse2Tests-Info.plist";
				PRODUCT_NAME = "$(TARGET_NAME)";
				TEST_HOST = "$(BUNDLE_LOADER)";
				WRAPPER_EXTENSION = octest;
			};
			name = Debug;
		};
		D03165DE15AB76AE009DF347 /* Release */ = {
			isa = XCBuildConfiguration;
			buildSettings = {
				BUNDLE_LOADER = "$(BUILT_PRODUCTS_DIR)/muniverse2.app/muniverse2";
				FRAMEWORK_SEARCH_PATHS = (
					"\"$(SDKROOT)/Developer/Library/Frameworks\"",
					"\"$(DEVELOPER_LIBRARY_DIR)/Frameworks\"",
				);
				GCC_PRECOMPILE_PREFIX_HEADER = YES;
				GCC_PREFIX_HEADER = "muniverse2/muniverse2-Prefix.pch";
				INFOPLIST_FILE = "muniverse2Tests/muniverse2Tests-Info.plist";
				PRODUCT_NAME = "$(TARGET_NAME)";
				TEST_HOST = "$(BUNDLE_LOADER)";
				WRAPPER_EXTENSION = octest;
			};
			name = Release;
		};
/* End XCBuildConfiguration section */

/* Begin XCConfigurationList section */
		D03165A615AB76AE009DF347 /* Build configuration list for PBXProject "muniverse2" */ = {
			isa = XCConfigurationList;
			buildConfigurations = (
				D03165D715AB76AE009DF347 /* Debug */,
				D03165D815AB76AE009DF347 /* Release */,
			);
			defaultConfigurationIsVisible = 0;
			defaultConfigurationName = Release;
		};
		D03165D915AB76AE009DF347 /* Build configuration list for PBXNativeTarget "muniverse2" */ = {
			isa = XCConfigurationList;
			buildConfigurations = (
				D03165DA15AB76AE009DF347 /* Debug */,
				D03165DB15AB76AE009DF347 /* Release */,
			);
			defaultConfigurationIsVisible = 0;
		};
		D03165DC15AB76AE009DF347 /* Build configuration list for PBXNativeTarget "muniverse2Tests" */ = {
			isa = XCConfigurationList;
			buildConfigurations = (
				D03165DD15AB76AE009DF347 /* Debug */,
				D03165DE15AB76AE009DF347 /* Release */,
			);
			defaultConfigurationIsVisible = 0;
		};
/* End XCConfigurationList section */
	};
	rootObject = D03165A315AB76AE009DF347 /* Project object */;
}
